# This file is automatically @generated by Cargo.
# It is not intended for manual editing.
version = 4

[[package]]
name = "terminal-adapter"
version = "0.0.0"
dependencies = [
 "terminal-buffer",
 "terminal-parser",
]

[[package]]
name = "terminal-buffer"
version = "0.0.0"

[[package]]
name = "terminal-input"
version = "0.0.0"

[[package]]
name = "terminal-parser"
version = "0.0.0"

[[package]]
name = "terminal-parser-ffi"
version = "0.0.0"
dependencies = [
 "terminal-parser",
]
